# This file is autogenerated, do not edit; changes may be undone by the next 'dep ensure'.


[[projects]]
  name = "github.com/dmitryrpm/whois-parser-go"
  packages = ["."]
  revision = "8b8815536531fec28e58df00e880c9103c90ddb6"
  version = "1.0.1"

[solve-meta]
  analyzer-name = "dep"
  analyzer-version = 1
  inputs-digest = "6e849e70a37ae5e6b3e6818d158f5d3c2160f1f82b6bf63e2c27196d5595b00d"
  solver-name = "gps-cdcl"
  solver-version = 1
